
Microsoft Visual Studio Solution File, Format Version 12.00
# Visual Studio Version 17
VisualStudioVersion = 17.4.33110.190
MinimumVisualStudioVersion = 10.0.40219.1
Project("{9A19103F-16F7-4668-BE54-9A1E7A4F7556}") = "Chess", "Chess\Chess.csproj", "{E7CFEA21-6215-4855-AC95-95FD94FDF960}"
EndProject
Project("{2150E333-8FDC-42A3-9474-1A3956D46DE8}") = "Solution Items", "Solution Items", "{C265BE83-75D2-4D21-A47D-20007DD242D8}"
EndProject
Global
	GlobalSection(SolutionConfigurationPlatforms) = preSolution
		Debug|Any CPU = Debug|Any CPU
		Release|Any CPU = Release|Any CPU
	EndGlobalSection
	GlobalSection(ProjectConfigurationPlatforms) = postSolution
		{E7CFEA21-6215-4855-AC95-95FD94FDF960}.Debug|Any CPU.ActiveCfg = Debug|Any CPU
		{E7CFEA21-6215-4855-AC95-95FD94FDF960}.Debug|Any CPU.Build.0 = Debug|Any CPU
		{E7CFEA21-6215-4855-AC95-95FD94FDF960}.Release|Any CPU.ActiveCfg = Release|Any CPU
		{E7CFEA21-6215-4855-AC95-95FD94FDF960}.Release|Any CPU.Build.0 = Release|Any CPU
	EndGlobalSection
	GlobalSection(SolutionProperties) = preSolution
		HideSolutionNode = FALSE
	EndGlobalSection
	GlobalSection(ExtensibilityGlobals) = postSolution
		SolutionGuid = {D101163C-3D18-4FF3-ABF2-DB27E32E7798}
	EndGlobalSection
EndGlobal
